
Microsoft Visual Studio Solution File, Format Version 12.00
# Visual Studio Version 17
VisualStudioVersion = 17.9.34728.123
MinimumVisualStudioVersion = 10.0.40219.1
Project("{FAE04EC0-301F-11D3-BF4B-00C04F79EFBC}") = "calculator", "calculator\calculator.csproj", "{DF7F8A64-C950-4F0B-ACA8-2ED10D841F8A}"
EndProject
Global
	GlobalSection(SolutionConfigurationPlatforms) = preSolution
		Debug|Any CPU = Debug|Any CPU
		Release|Any CPU = Release|Any CPU
	EndGlobalSection
	GlobalSection(ProjectConfigurationPlatforms) = postSolution
		{DF7F8A64-C950-4F0B-ACA8-2ED10D841F8A}.Debug|Any CPU.ActiveCfg = Debug|Any CPU
		{DF7F8A64-C950-4F0B-ACA8-2ED10D841F8A}.Debug|Any CPU.Build.0 = Debug|Any CPU
		{DF7F8A64-C950-4F0B-ACA8-2ED10D841F8A}.Release|Any CPU.ActiveCfg = Release|Any CPU
		{DF7F8A64-C950-4F0B-ACA8-2ED10D841F8A}.Release|Any CPU.Build.0 = Release|Any CPU
	EndGlobalSection
	GlobalSection(SolutionProperties) = preSolution
		HideSolutionNode = FALSE
	EndGlobalSection
	GlobalSection(ExtensibilityGlobals) = postSolution
		SolutionGuid = {DBCEF492-A642-495F-A189-C7577C2CD200}
	EndGlobalSection
EndGlobal
